
Microsoft Visual Studio Solution File, Format Version 12.00
# Visual Studio Version 16
VisualStudioVersion = 16.0.30907.101
MinimumVisualStudioVersion = 10.0.40219.1
Project("{9A19103F-16F7-4668-BE54-9A1E7A4F7556}") = "DataAccess", "DataAccess\DataAccess.csproj", "{7D369B6B-4488-400B-B2DA-EA1C6BD343B1}"
EndProject
Project("{9A19103F-16F7-4668-BE54-9A1E7A4F7556}") = "Business", "Business\Business.csproj", "{3DE09BFB-0559-49B0-A20D-DA7176D68F90}"
EndProject
Project("{9A19103F-16F7-4668-BE54-9A1E7A4F7556}") = "Entities", "Entities\Entities.csproj", "{5131CD17-8CEF-47E0-B49E-A21675DD5BAC}"
EndProject
Project("{9A19103F-16F7-4668-BE54-9A1E7A4F7556}") = "ConsoleUI", "ConsoleUI\ConsoleUI.csproj", "{66B21556-ED1A-4C49-91B7-5F2231787207}"
EndProject
Project("{FAE04EC0-301F-11D3-BF4B-00C04F79EFBC}") = "Core", "Core\Core.csproj", "{AA5C0A1C-C177-4E65-B578-B5066A7A2B08}"
EndProject
Global
	GlobalSection(SolutionConfigurationPlatforms) = preSolution
		Debug|Any CPU = Debug|Any CPU
		Release|Any CPU = Release|Any CPU
	EndGlobalSection
	GlobalSection(ProjectConfigurationPlatforms) = postSolution
		{7D369B6B-4488-400B-B2DA-EA1C6BD343B1}.Debug|Any CPU.ActiveCfg = Debug|Any CPU
		{7D369B6B-4488-400B-B2DA-EA1C6BD343B1}.Debug|Any CPU.Build.0 = Debug|Any CPU
		{7D369B6B-4488-400B-B2DA-EA1C6BD343B1}.Release|Any CPU.ActiveCfg = Release|Any CPU
		{7D369B6B-4488-400B-B2DA-EA1C6BD343B1}.Release|Any CPU.Build.0 = Release|Any CPU
		{3DE09BFB-0559-49B0-A20D-DA7176D68F90}.Debug|Any CPU.ActiveCfg = Debug|Any CPU
		{3DE09BFB-0559-49B0-A20D-DA7176D68F90}.Debug|Any CPU.Build.0 = Debug|Any CPU
		{3DE09BFB-0559-49B0-A20D-DA7176D68F90}.Release|Any CPU.ActiveCfg = Release|Any CPU
		{3DE09BFB-0559-49B0-A20D-DA7176D68F90}.Release|Any CPU.Build.0 = Release|Any CPU
		{5131CD17-8CEF-47E0-B49E-A21675DD5BAC}.Debug|Any CPU.ActiveCfg = Debug|Any CPU
		{5131CD17-8CEF-47E0-B49E-A21675DD5BAC}.Debug|Any CPU.Build.0 = Debug|Any CPU
		{5131CD17-8CEF-47E0-B49E-A21675DD5BAC}.Release|Any CPU.ActiveCfg = Release|Any CPU
		{5131CD17-8CEF-47E0-B49E-A21675DD5BAC}.Release|Any CPU.Build.0 = Release|Any CPU
		{66B21556-ED1A-4C49-91B7-5F2231787207}.Debug|Any CPU.ActiveCfg = Debug|Any CPU
		{66B21556-ED1A-4C49-91B7-5F2231787207}.Debug|Any CPU.Build.0 = Debug|Any CPU
		{66B21556-ED1A-4C49-91B7-5F2231787207}.Release|Any CPU.ActiveCfg = Release|Any CPU
		{66B21556-ED1A-4C49-91B7-5F2231787207}.Release|Any CPU.Build.0 = Release|Any CPU
		{AA5C0A1C-C177-4E65-B578-B5066A7A2B08}.Debug|Any CPU.ActiveCfg = Debug|Any CPU
		{AA5C0A1C-C177-4E65-B578-B5066A7A2B08}.Debug|Any CPU.Build.0 = Debug|Any CPU
		{AA5C0A1C-C177-4E65-B578-B5066A7A2B08}.Release|Any CPU.ActiveCfg = Release|Any CPU
		{AA5C0A1C-C177-4E65-B578-B5066A7A2B08}.Release|Any CPU.Build.0 = Release|Any CPU
	EndGlobalSection
	GlobalSection(SolutionProperties) = preSolution
		HideSolutionNode = FALSE
	EndGlobalSection
	GlobalSection(ExtensibilityGlobals) = postSolution
		SolutionGuid = {5C6A6AA7-B3A8-41E7-BE8D-4A4A86FFDD71}
	EndGlobalSection
EndGlobal
